
Microsoft Visual Studio Solution File, Format Version 12.00
# Visual Studio Version 17
VisualStudioVersion = 17.3.32929.385
MinimumVisualStudioVersion = 10.0.40219.1
Project("{FAE04EC0-301F-11D3-BF4B-00C04F79EFBC}") = "WebApiEFUse", "WebApiEFUse\WebApiEFUse.csproj", "{88741389-008B-4FD6-B322-BCC978AF77D4}"
EndProject
Global
	GlobalSection(SolutionConfigurationPlatforms) = preSolution
		Debug|Any CPU = Debug|Any CPU
		Release|Any CPU = Release|Any CPU
	EndGlobalSection
	GlobalSection(ProjectConfigurationPlatforms) = postSolution
		{88741389-008B-4FD6-B322-BCC978AF77D4}.Debug|Any CPU.ActiveCfg = Debug|Any CPU
		{88741389-008B-4FD6-B322-BCC978AF77D4}.Debug|Any CPU.Build.0 = Debug|Any CPU
		{88741389-008B-4FD6-B322-BCC978AF77D4}.Release|Any CPU.ActiveCfg = Release|Any CPU
		{88741389-008B-4FD6-B322-BCC978AF77D4}.Release|Any CPU.Build.0 = Release|Any CPU
	EndGlobalSection
	GlobalSection(SolutionProperties) = preSolution
		HideSolutionNode = FALSE
	EndGlobalSection
	GlobalSection(ExtensibilityGlobals) = postSolution
		SolutionGuid = {F480B33B-076A-4C68-A6D4-7E4DA5EFE137}
	EndGlobalSection
EndGlobal
